
Microsoft Visual Studio Solution File, Format Version 12.00
# Visual Studio Version 17
VisualStudioVersion = 17.2.32519.379
MinimumVisualStudioVersion = 10.0.40219.1
Project("{FAE04EC0-301F-11D3-BF4B-00C04F79EFBC}") = "App2.Android", "App2\App2.Android\App2.Android.csproj", "{E19685CD-141C-4B48-9A5B-7BDBA11ED07A}"
EndProject
Project("{FAE04EC0-301F-11D3-BF4B-00C04F79EFBC}") = "App2.iOS", "App2\App2.iOS\App2.iOS.csproj", "{B08154F7-020D-4D9B-810E-91FC8A3E6FAE}"
EndProject
Project("{FAE04EC0-301F-11D3-BF4B-00C04F79EFBC}") = "App2", "App2\App2\App2.csproj", "{57E2A029-56B5-46AE-8F9F-C2651CAB93D5}"
EndProject
Global
	GlobalSection(SolutionConfigurationPlatforms) = preSolution
		Debug|Any CPU = Debug|Any CPU
		Debug|iPhone = Debug|iPhone
		Debug|iPhoneSimulator = Debug|iPhoneSimulator
		Release|Any CPU = Release|Any CPU
		Release|iPhone = Release|iPhone
		Release|iPhoneSimulator = Release|iPhoneSimulator
	EndGlobalSection
	GlobalSection(ProjectConfigurationPlatforms) = postSolution
		{E19685CD-141C-4B48-9A5B-7BDBA11ED07A}.Debug|Any CPU.ActiveCfg = Debug|Any CPU
		{E19685CD-141C-4B48-9A5B-7BDBA11ED07A}.Debug|Any CPU.Build.0 = Debug|Any CPU
		{E19685CD-141C-4B48-9A5B-7BDBA11ED07A}.Debug|Any CPU.Deploy.0 = Debug|Any CPU
		{E19685CD-141C-4B48-9A5B-7BDBA11ED07A}.Debug|iPhone.ActiveCfg = Debug|Any CPU
		{E19685CD-141C-4B48-9A5B-7BDBA11ED07A}.Debug|iPhone.Build.0 = Debug|Any CPU
		{E19685CD-141C-4B48-9A5B-7BDBA11ED07A}.Debug|iPhone.Deploy.0 = Debug|Any CPU
		{E19685CD-141C-4B48-9A5B-7BDBA11ED07A}.Debug|iPhoneSimulator.ActiveCfg = Debug|Any CPU
		{E19685CD-141C-4B48-9A5B-7BDBA11ED07A}.Debug|iPhoneSimulator.Build.0 = Debug|Any CPU
		{E19685CD-141C-4B48-9A5B-7BDBA11ED07A}.Debug|iPhoneSimulator.Deploy.0 = Debug|Any CPU
		{E19685CD-141C-4B48-9A5B-7BDBA11ED07A}.Release|Any CPU.ActiveCfg = Release|Any CPU
		{E19685CD-141C-4B48-9A5B-7BDBA11ED07A}.Release|Any CPU.Build.0 = Release|Any CPU
		{E19685CD-141C-4B48-9A5B-7BDBA11ED07A}.Release|Any CPU.Deploy.0 = Release|Any CPU
		{E19685CD-141C-4B48-9A5B-7BDBA11ED07A}.Release|iPhone.ActiveCfg = Release|Any CPU
		{E19685CD-141C-4B48-9A5B-7BDBA11ED07A}.Release|iPhone.Build.0 = Release|Any CPU
		{E19685CD-141C-4B48-9A5B-7BDBA11ED07A}.Release|iPhone.Deploy.0 = Release|Any CPU
		{E19685CD-141C-4B48-9A5B-7BDBA11ED07A}.Release|iPhoneSimulator.ActiveCfg = Release|Any CPU
		{E19685CD-141C-4B48-9A5B-7BDBA11ED07A}.Release|iPhoneSimulator.Build.0 = Release|Any CPU
		{E19685CD-141C-4B48-9A5B-7BDBA11ED07A}.Release|iPhoneSimulator.Deploy.0 = Release|Any CPU
		{B08154F7-020D-4D9B-810E-91FC8A3E6FAE}.Debug|Any CPU.ActiveCfg = Debug|iPhone
		{B08154F7-020D-4D9B-810E-91FC8A3E6FAE}.Debug|Any CPU.Build.0 = Debug|iPhone
		{B08154F7-020D-4D9B-810E-91FC8A3E6FAE}.Debug|Any CPU.Deploy.0 = Debug|iPhone
		{B08154F7-020D-4D9B-810E-91FC8A3E6FAE}.Debug|iPhone.ActiveCfg = Debug|iPhone
		{B08154F7-020D-4D9B-810E-91FC8A3E6FAE}.Debug|iPhone.Build.0 = Debug|iPhone
		{B08154F7-020D-4D9B-810E-91FC8A3E6FAE}.Debug|iPhone.Deploy.0 = Debug|iPhone
		{B08154F7-020D-4D9B-810E-91FC8A3E6FAE}.Debug|iPhoneSimulator.ActiveCfg = Debug|iPhoneSimulator
		{B08154F7-020D-4D9B-810E-91FC8A3E6FAE}.Debug|iPhoneSimulator.Build.0 = Debug|iPhoneSimulator
		{B08154F7-020D-4D9B-810E-91FC8A3E6FAE}.Debug|iPhoneSimulator.Deploy.0 = Debug|iPhoneSimulator
		{B08154F7-020D-4D9B-810E-91FC8A3E6FAE}.Release|Any CPU.ActiveCfg = Release|iPhoneSimulator
		{B08154F7-020D-4D9B-810E-91FC8A3E6FAE}.Release|Any CPU.Build.0 = Release|iPhoneSimulator
		{B08154F7-020D-4D9B-810E-91FC8A3E6FAE}.Release|Any CPU.Deploy.0 = Release|iPhoneSimulator
		{B08154F7-020D-4D9B-810E-91FC8A3E6FAE}.Release|iPhone.ActiveCfg = Release|iPhone
		{B08154F7-020D-4D9B-810E-91FC8A3E6FAE}.Release|iPhone.Build.0 = Release|iPhone
		{B08154F7-020D-4D9B-810E-91FC8A3E6FAE}.Release|iPhone.Deploy.0 = Release|iPhone
		{B08154F7-020D-4D9B-810E-91FC8A3E6FAE}.Release|iPhoneSimulator.ActiveCfg = Release|iPhoneSimulator
		{B08154F7-020D-4D9B-810E-91FC8A3E6FAE}.Release|iPhoneSimulator.Build.0 = Release|iPhoneSimulator
		{B08154F7-020D-4D9B-810E-91FC8A3E6FAE}.Release|iPhoneSimulator.Deploy.0 = Release|iPhoneSimulator
		{57E2A029-56B5-46AE-8F9F-C2651CAB93D5}.Debug|Any CPU.ActiveCfg = Debug|Any CPU
		{57E2A029-56B5-46AE-8F9F-C2651CAB93D5}.Debug|Any CPU.Build.0 = Debug|Any CPU
		{57E2A029-56B5-46AE-8F9F-C2651CAB93D5}.Debug|Any CPU.Deploy.0 = Debug|Any CPU
		{57E2A029-56B5-46AE-8F9F-C2651CAB93D5}.Debug|iPhone.ActiveCfg = Debug|Any CPU
		{57E2A029-56B5-46AE-8F9F-C2651CAB93D5}.Debug|iPhone.Build.0 = Debug|Any CPU
		{57E2A029-56B5-46AE-8F9F-C2651CAB93D5}.Debug|iPhone.Deploy.0 = Debug|Any CPU
		{57E2A029-56B5-46AE-8F9F-C2651CAB93D5}.Debug|iPhoneSimulator.ActiveCfg = Debug|Any CPU
		{57E2A029-56B5-46AE-8F9F-C2651CAB93D5}.Debug|iPhoneSimulator.Build.0 = Debug|Any CPU
		{57E2A029-56B5-46AE-8F9F-C2651CAB93D5}.Debug|iPhoneSimulator.Deploy.0 = Debug|Any CPU
		{57E2A029-56B5-46AE-8F9F-C2651CAB93D5}.Release|Any CPU.ActiveCfg = Release|Any CPU
		{57E2A029-56B5-46AE-8F9F-C2651CAB93D5}.Release|Any CPU.Build.0 = Release|Any CPU
		{57E2A029-56B5-46AE-8F9F-C2651CAB93D5}.Release|Any CPU.Deploy.0 = Release|Any CPU
		{57E2A029-56B5-46AE-8F9F-C2651CAB93D5}.Release|iPhone.ActiveCfg = Release|Any CPU
		{57E2A029-56B5-46AE-8F9F-C2651CAB93D5}.Release|iPhone.Build.0 = Release|Any CPU
		{57E2A029-56B5-46AE-8F9F-C2651CAB93D5}.Release|iPhone.Deploy.0 = Release|Any CPU
		{57E2A029-56B5-46AE-8F9F-C2651CAB93D5}.Release|iPhoneSimulator.ActiveCfg = Release|Any CPU
		{57E2A029-56B5-46AE-8F9F-C2651CAB93D5}.Release|iPhoneSimulator.Build.0 = Release|Any CPU
		{57E2A029-56B5-46AE-8F9F-C2651CAB93D5}.Release|iPhoneSimulator.Deploy.0 = Release|Any CPU
	EndGlobalSection
	GlobalSection(SolutionProperties) = preSolution
		HideSolutionNode = FALSE
	EndGlobalSection
	GlobalSection(ExtensibilityGlobals) = postSolution
		SolutionGuid = {71994E02-AE3D-4B6A-AD6D-91DDE6251FB9}
	EndGlobalSection
EndGlobal
